
Microsoft Visual Studio Solution File, Format Version 12.00
# Visual Studio Version 18
VisualStudioVersion = 18.2.11415.280
MinimumVisualStudioVersion = 10.0.40219.1
Project("{2150E333-8FDC-42A3-9474-1A3956D46DE8}") = "Core", "Core", "{8B581A28-E10C-4596-807F-A35363794118}"
EndProject
Project("{2150E333-8FDC-42A3-9474-1A3956D46DE8}") = "Infrastructure", "Infrastructure", "{90101E28-C3BD-4E88-B362-693D52C42A05}"
EndProject
Project("{9A19103F-16F7-4668-BE54-9A1E7A4F7556}") = "ITSMS.Domain", "ITSMS.Domain\ITSMS.Domain.csproj", "{64B265C5-8849-4A8D-B551-9A7C30FBE415}"
EndProject
Project("{9A19103F-16F7-4668-BE54-9A1E7A4F7556}") = "ITSMS.Application", "ITSMS.Application\ITSMS.Application.csproj", "{780A8226-3C03-4767-B49C-6E5D44CAFE66}"
EndProject
Project("{9A19103F-16F7-4668-BE54-9A1E7A4F7556}") = "ITSMS.Persistence", "ITSMS.Persistence\ITSMS.Persistence.csproj", "{CC78AF94-BE60-46F0-98B0-F64D75EEA0BA}"
EndProject
Project("{2150E333-8FDC-42A3-9474-1A3956D46DE8}") = "API", "API", "{97920157-12A4-4579-A42C-CEAC553A9DB6}"
EndProject
Project("{9A19103F-16F7-4668-BE54-9A1E7A4F7556}") = "ITSMS.API", "ITSMS.API\ITSMS.API.csproj", "{D1885AD5-AE7C-461F-A03D-1EAE0B54C41A}"
EndProject
Project("{2150E333-8FDC-42A3-9474-1A3956D46DE8}") = "Authentication", "Authentication", "{24FD7BE1-5695-469F-A389-CE5C934EC180}"
EndProject
Project("{9A19103F-16F7-4668-BE54-9A1E7A4F7556}") = "ITSMS.Authentication.JWT", "ITSMSAuthentication.JWT\ITSMS.Authentication.JWT.csproj", "{B038B5E8-C8C7-4FA1-9B2B-AE1364C6B2C4}"
EndProject
Project("{2150E333-8FDC-42A3-9474-1A3956D46DE8}") = "Test", "Test", "{047FBE58-F635-4C44-A3A7-82062A304481}"
EndProject
Project("{FAE04EC0-301F-11D3-BF4B-00C04F79EFBC}") = "ITSMS.Tests", "ITSMS.Tests\ITSMS.Tests.csproj", "{BC11B89D-6845-4898-ACE4-6C047A2F484F}"
EndProject
Global
	GlobalSection(SolutionConfigurationPlatforms) = preSolution
		Debug|Any CPU = Debug|Any CPU
		Release|Any CPU = Release|Any CPU
	EndGlobalSection
	GlobalSection(ProjectConfigurationPlatforms) = postSolution
		{64B265C5-8849-4A8D-B551-9A7C30FBE415}.Debug|Any CPU.ActiveCfg = Debug|Any CPU
		{64B265C5-8849-4A8D-B551-9A7C30FBE415}.Debug|Any CPU.Build.0 = Debug|Any CPU
		{64B265C5-8849-4A8D-B551-9A7C30FBE415}.Release|Any CPU.ActiveCfg = Release|Any CPU
		{64B265C5-8849-4A8D-B551-9A7C30FBE415}.Release|Any CPU.Build.0 = Release|Any CPU
		{780A8226-3C03-4767-B49C-6E5D44CAFE66}.Debug|Any CPU.ActiveCfg = Debug|Any CPU
		{780A8226-3C03-4767-B49C-6E5D44CAFE66}.Debug|Any CPU.Build.0 = Debug|Any CPU
		{780A8226-3C03-4767-B49C-6E5D44CAFE66}.Release|Any CPU.ActiveCfg = Release|Any CPU
		{780A8226-3C03-4767-B49C-6E5D44CAFE66}.Release|Any CPU.Build.0 = Release|Any CPU
		{CC78AF94-BE60-46F0-98B0-F64D75EEA0BA}.Debug|Any CPU.ActiveCfg = Debug|Any CPU
		{CC78AF94-BE60-46F0-98B0-F64D75EEA0BA}.Debug|Any CPU.Build.0 = Debug|Any CPU
		{CC78AF94-BE60-46F0-98B0-F64D75EEA0BA}.Release|Any CPU.ActiveCfg = Release|Any CPU
		{CC78AF94-BE60-46F0-98B0-F64D75EEA0BA}.Release|Any CPU.Build.0 = Release|Any CPU
		{D1885AD5-AE7C-461F-A03D-1EAE0B54C41A}.Debug|Any CPU.ActiveCfg = Debug|Any CPU
		{D1885AD5-AE7C-461F-A03D-1EAE0B54C41A}.Debug|Any CPU.Build.0 = Debug|Any CPU
		{D1885AD5-AE7C-461F-A03D-1EAE0B54C41A}.Release|Any CPU.ActiveCfg = Release|Any CPU
		{D1885AD5-AE7C-461F-A03D-1EAE0B54C41A}.Release|Any CPU.Build.0 = Release|Any CPU
		{B038B5E8-C8C7-4FA1-9B2B-AE1364C6B2C4}.Debug|Any CPU.ActiveCfg = Debug|Any CPU
		{B038B5E8-C8C7-4FA1-9B2B-AE1364C6B2C4}.Debug|Any CPU.Build.0 = Debug|Any CPU
		{B038B5E8-C8C7-4FA1-9B2B-AE1364C6B2C4}.Release|Any CPU.ActiveCfg = Release|Any CPU
		{B038B5E8-C8C7-4FA1-9B2B-AE1364C6B2C4}.Release|Any CPU.Build.0 = Release|Any CPU
		{BC11B89D-6845-4898-ACE4-6C047A2F484F}.Debug|Any CPU.ActiveCfg = Debug|Any CPU
		{BC11B89D-6845-4898-ACE4-6C047A2F484F}.Debug|Any CPU.Build.0 = Debug|Any CPU
		{BC11B89D-6845-4898-ACE4-6C047A2F484F}.Release|Any CPU.ActiveCfg = Release|Any CPU
		{BC11B89D-6845-4898-ACE4-6C047A2F484F}.Release|Any CPU.Build.0 = Release|Any CPU
	EndGlobalSection
	GlobalSection(SolutionProperties) = preSolution
		HideSolutionNode = FALSE
	EndGlobalSection
	GlobalSection(NestedProjects) = preSolution
		{64B265C5-8849-4A8D-B551-9A7C30FBE415} = {8B581A28-E10C-4596-807F-A35363794118}
		{780A8226-3C03-4767-B49C-6E5D44CAFE66} = {8B581A28-E10C-4596-807F-A35363794118}
		{CC78AF94-BE60-46F0-98B0-F64D75EEA0BA} = {90101E28-C3BD-4E88-B362-693D52C42A05}
		{D1885AD5-AE7C-461F-A03D-1EAE0B54C41A} = {97920157-12A4-4579-A42C-CEAC553A9DB6}
		{B038B5E8-C8C7-4FA1-9B2B-AE1364C6B2C4} = {24FD7BE1-5695-469F-A389-CE5C934EC180}
		{BC11B89D-6845-4898-ACE4-6C047A2F484F} = {047FBE58-F635-4C44-A3A7-82062A304481}
	EndGlobalSection
	GlobalSection(ExtensibilityGlobals) = postSolution
		SolutionGuid = {369C0DF5-6ACE-4BC2-987F-4FCDAE787B74}
	EndGlobalSection
EndGlobal
